
Microsoft Visual Studio Solution File, Format Version 12.00
# Visual Studio Version 16
VisualStudioVersion = 16.0.33130.400
MinimumVisualStudioVersion = 10.0.40219.1
Project("{888888A0-9F3D-457C-B088-3A5042F75D52}") = "study10", "study10\study10.pyproj", "{746A7CD6-C9BC-4DB8-928F-D495E06812C8}"
EndProject
Global
	GlobalSection(SolutionConfigurationPlatforms) = preSolution
		Debug|Any CPU = Debug|Any CPU
		Release|Any CPU = Release|Any CPU
	EndGlobalSection
	GlobalSection(ProjectConfigurationPlatforms) = postSolution
		{746A7CD6-C9BC-4DB8-928F-D495E06812C8}.Debug|Any CPU.ActiveCfg = Debug|Any CPU
		{746A7CD6-C9BC-4DB8-928F-D495E06812C8}.Release|Any CPU.ActiveCfg = Release|Any CPU
	EndGlobalSection
	GlobalSection(SolutionProperties) = preSolution
		HideSolutionNode = FALSE
	EndGlobalSection
	GlobalSection(ExtensibilityGlobals) = postSolution
		SolutionGuid = {073994A8-CEF5-49EC-B45A-FA3C039A5620}
	EndGlobalSection
EndGlobal
